// !$*UTF8*$!
{
	archiveVersion = 1;
	classes = {
	};
	objectVersion = 50;
	objects = {

/* Begin PBXBuildFile section */
		550AC7802475D0BC0022D401 /* AppDelegate.swift in Sources */ = {isa = PBXBuildFile; fileRef = 550AC77F2475D0BC0022D401 /* AppDelegate.swift */; };
		550AC7822475D0BC0022D401 /* SceneDelegate.swift in Sources */ = {isa = PBXBuildFile; fileRef = 550AC7812475D0BC0022D401 /* SceneDelegate.swift */; };
		550AC7842475D0BC0022D401 /* EmojiMemoryGameView.swift in Sources */ = {isa = PBXBuildFile; fileRef = 550AC7832475D0BC0022D401 /* EmojiMemoryGameView.swift */; };
		550AC7862475D0BD0022D401 /* Assets.xcassets in Resources */ = {isa = PBXBuildFile; fileRef = 550AC7852475D0BD0022D401 /* Assets.xcassets */; };
		550AC7892475D0BD0022D401 /* Preview Assets.xcassets in Resources */ = {isa = PBXBuildFile; fileRef = 550AC7882475D0BD0022D401 /* Preview Assets.xcassets */; };
		550AC78C2475D0BD0022D401 /* LaunchScreen.storyboard in Resources */ = {isa = PBXBuildFile; fileRef = 550AC78A2475D0BD0022D401 /* LaunchScreen.storyboard */; };
		55398C272475FB120067A59F /* MemoryGame.swift in Sources */ = {isa = PBXBuildFile; fileRef = 55398C262475FB120067A59F /* MemoryGame.swift */; };
		55398C292475FD580067A59F /* EmojiMemoryGame.swift in Sources */ = {isa = PBXBuildFile; fileRef = 55398C282475FD580067A59F /* EmojiMemoryGame.swift */; };
		554E11A92558919200F56A6D /* CardView.swift in Sources */ = {isa = PBXBuildFile; fileRef = 554E11A82558919200F56A6D /* CardView.swift */; };
/* End PBXBuildFile section */

/* Begin PBXFileReference section */
		550AC77C2475D0BC0022D401 /* Memorize.app */ = {isa = PBXFileReference; explicitFileType = wrapper.application; includeInIndex = 0; path = Memorize.app; sourceTree = BUILT_PRODUCTS_DIR; };
		550AC77F2475D0BC0022D401 /* AppDelegate.swift */ = {isa = PBXFileReference; lastKnownFileType = sourcecode.swift; path = AppDelegate.swift; sourceTree = "<group>"; };
		550AC7812475D0BC0022D401 /* SceneDelegate.swift */ = {isa = PBXFileReference; lastKnownFileType = sourcecode.swift; path = SceneDelegate.swift; sourceTree = "<group>"; };
		550AC7832475D0BC0022D401 /* EmojiMemoryGameView.swift */ = {isa = PBXFileReference; lastKnownFileType = sourcecode.swift; path = EmojiMemoryGameView.swift; sourceTree = "<group>"; };
		550AC7852475D0BD0022D401 /* Assets.xcassets */ = {isa = PBXFileReference; lastKnownFileType = folder.assetcatalog; path = Assets.xcassets; sourceTree = "<group>"; };
		550AC7882475D0BD0022D401 /* Preview Assets.xcassets */ = {isa = PBXFileReference; lastKnownFileType = folder.assetcatalog; path = "Preview Assets.xcassets"; sourceTree = "<group>"; };
		550AC78B2475D0BD0022D401 /* Base */ = {isa = PBXFileReference; lastKnownFileType = file.storyboard; name = Base; path = Base.lproj/LaunchScreen.storyboard; sourceTree = "<group>"; };
		550AC78D2475D0BD0022D401 /* Info.plist */ = {isa = PBXFileReference; lastKnownFileType = text.plist.xml; path = Info.plist; sourceTree = "<group>"; };
		55398C262475FB120067A59F /* MemoryGame.swift */ = {isa = PBXFileReference; lastKnownFileType = sourcecode.swift; path = MemoryGame.swift; sourceTree = "<group>"; };
		55398C282475FD580067A59F /* EmojiMemoryGame.swift */ = {isa = PBXFileReference; lastKnownFileType = sourcecode.swift; path = EmojiMemoryGame.swift; sourceTree = "<group>"; };
		554E11A82558919200F56A6D /* CardView.swift */ = {isa = PBXFileReference; lastKnownFileType = sourcecode.swift; path = CardView.swift; sourceTree = "<group>"; };
/* End PBXFileReference section */

/* Begin PBXFrameworksBuildPhase section */
		550AC7792475D0BC0022D401 /* Frameworks */ = {
			isa = PBXFrameworksBuildPhase;
			buildActionMask = 2147483647;
			files = (
			);
			runOnlyForDeploymentPostprocessing = 0;
		};
/* End PBXFrameworksBuildPhase section */

/* Begin PBXGroup section */
		550AC7732475D0BC0022D401 = {
			isa = PBXGroup;
			children = (
				550AC77E2475D0BC0022D401 /* Memorize */,
				550AC77D2475D0BC0022D401 /* Products */,
			);
			sourceTree = "<group>";
		};
		550AC77D2475D0BC0022D401 /* Products */ = {
			isa = PBXGroup;
			children = (
				550AC77C2475D0BC0022D401 /* Memorize.app */,
			);
			name = Products;
			sourceTree = "<group>";
		};
		550AC77E2475D0BC0022D401 /* Memorize */ = {
			isa = PBXGroup;
			children = (
				554E11AF25589CA600F56A6D /* Models */,
				554E11AD25589C8500F56A6D /* Supporting Files */,
				554E11AE25589C9800F56A6D /* Views */,
				550AC7852475D0BD0022D401 /* Assets.xcassets */,
				550AC78A2475D0BD0022D401 /* LaunchScreen.storyboard */,
				550AC78D2475D0BD0022D401 /* Info.plist */,
				550AC7872475D0BD0022D401 /* Preview Content */,
			);
			path = Memorize;
			sourceTree = "<group>";
		};
		550AC7872475D0BD0022D401 /* Preview Content */ = {
			isa = PBXGroup;
			children = (
				550AC7882475D0BD0022D401 /* Preview Assets.xcassets */,
			);
			path = "Preview Content";
			sourceTree = "<group>";
		};
		554E11AD25589C8500F56A6D /* Supporting Files */ = {
			isa = PBXGroup;
			children = (
				550AC77F2475D0BC0022D401 /* AppDelegate.swift */,
				550AC7812475D0BC0022D401 /* SceneDelegate.swift */,
			);
			path = "Supporting Files";
			sourceTree = "<group>";
		};
		554E11AE25589C9800F56A6D /* Views */ = {
			isa = PBXGroup;
			children = (
				554E11A82558919200F56A6D /* CardView.swift */,
				550AC7832475D0BC0022D401 /* EmojiMemoryGameView.swift */,
			);
			path = Views;
			sourceTree = "<group>";
		};
		554E11AF25589CA600F56A6D /* Models */ = {
			isa = PBXGroup;
			children = (
				55398C282475FD580067A59F /* EmojiMemoryGame.swift */,
				55398C262475FB120067A59F /* MemoryGame.swift */,
			);
			path = Models;
			sourceTree = "<group>";
		};
/* End PBXGroup section */

/* Begin PBXNativeTarget section */
		550AC77B2475D0BC0022D401 /* Memorize */ = {
			isa = PBXNativeTarget;
			buildConfigurationList = 550AC7902475D0BD0022D401 /* Build configuration list for PBXNativeTarget "Memorize" */;
			buildPhases = (
				550AC7782475D0BC0022D401 /* Sources */,
				550AC7792475D0BC0022D401 /* Frameworks */,
				550AC77A2475D0BC0022D401 /* Resources */,
			);
			buildRules = (
			);
			dependencies = (
			);
			name = Memorize;
			productName = Memorize;
			productReference = 550AC77C2475D0BC0022D401 /* Memorize.app */;
			productType = "com.apple.product-type.application";
		};
/* End PBXNativeTarget section */

/* Begin PBXProject section */
		550AC7742475D0BC0022D401 /* Project object */ = {
			isa = PBXProject;
			attributes = {
				LastSwiftUpdateCheck = 1150;
				LastUpgradeCheck = 1220;
				ORGANIZATIONNAME = DavidTroupe;
				TargetAttributes = {
					550AC77B2475D0BC0022D401 = {
						CreatedOnToolsVersion = 11.5;
					};
				};
			};
			buildConfigurationList = 550AC7772475D0BC0022D401 /* Build configuration list for PBXProject "Memorize" */;
			compatibilityVersion = "Xcode 9.3";
			developmentRegion = en;
			hasScannedForEncodings = 0;
			knownRegions = (
				en,
				Base,
			);
			mainGroup = 550AC7732475D0BC0022D401;
			productRefGroup = 550AC77D2475D0BC0022D401 /* Products */;
			projectDirPath = "";
			projectRoot = "";
			targets = (
				550AC77B2475D0BC0022D401 /* Memorize */,
			);
		};
/* End PBXProject section */

/* Begin PBXResourcesBuildPhase section */
		550AC77A2475D0BC0022D401 /* Resources */ = {
			isa = PBXResourcesBuildPhase;
			buildActionMask = 2147483647;
			files = (
				550AC78C2475D0BD0022D401 /* LaunchScreen.storyboard in Resources */,
				550AC7892475D0BD0022D401 /* Preview Assets.xcassets in Resources */,
				550AC7862475D0BD0022D401 /* Assets.xcassets in Resources */,
			);
			runOnlyForDeploymentPostprocessing = 0;
		};
/* End PBXResourcesBuildPhase section */

/* Begin PBXSourcesBuildPhase section */
		550AC7782475D0BC0022D401 /* Sources */ = {
			isa = PBXSourcesBuildPhase;
			buildActionMask = 2147483647;
			files = (
				550AC7802475D0BC0022D401 /* AppDelegate.swift in Sources */,
				550AC7822475D0BC0022D401 /* SceneDelegate.swift in Sources */,
				55398C272475FB120067A59F /* MemoryGame.swift in Sources */,
				550AC7842475D0BC0022D401 /* EmojiMemoryGameView.swift in Sources */,
				554E11A92558919200F56A6D /* CardView.swift in Sources */,
				55398C292475FD580067A59F /* EmojiMemoryGame.swift in Sources */,
			);
			runOnlyForDeploymentPostprocessing = 0;
		};
/* End PBXSourcesBuildPhase section */

/* Begin PBXVariantGroup section */
		550AC78A2475D0BD0022D401 /* LaunchScreen.storyboard */ = {
			isa = PBXVariantGroup;
			children = (
				550AC78B2475D0BD0022D401 /* Base */,
			);
			name = LaunchScreen.storyboard;
			sourceTree = "<group>";
		};
/* End PBXVariantGroup section */

/* Begin XCBuildConfiguration section */
		550AC78E2475D0BD0022D401 /* Debug */ = {
			isa = XCBuildConfiguration;
			buildSettings = {
				ALWAYS_SEARCH_USER_PATHS = NO;
				CLANG_ANALYZER_NONNULL = YES;
				CLANG_ANALYZER_NUMBER_OBJECT_CONVERSION = YES_AGGRESSIVE;
				CLANG_CXX_LANGUAGE_STANDARD = "gnu++14";
				CLANG_CXX_LIBRARY = "libc++";
				CLANG_ENABLE_MODULES = YES;
				CLANG_ENABLE_OBJC_ARC = YES;
				CLANG_ENABLE_OBJC_WEAK = YES;
				CLANG_WARN_BLOCK_CAPTURE_AUTORELEASING = YES;
				CLANG_WARN_BOOL_CONVERSION = YES;
				CLANG_WARN_COMMA = YES;
				CLANG_WARN_CONSTANT_CONVERSION = YES;
				CLANG_WARN_DEPRECATED_OBJC_IMPLEMENTATIONS = YES;
				CLANG_WARN_DIRECT_OBJC_ISA_USAGE = YES_ERROR;
				CLANG_WARN_DOCUMENTATION_COMMENTS = YES;
				CLANG_WARN_EMPTY_BODY = YES;
				CLANG_WARN_ENUM_CONVERSION = YES;
				CLANG_WARN_INFINITE_RECURSION = YES;
				CLANG_WARN_INT_CONVERSION = YES;
				CLANG_WARN_NON_LITERAL_NULL_CONVERSION = YES;
				CLANG_WARN_OBJC_IMPLICIT_RETAIN_SELF = YES;
				CLANG_WARN_OBJC_LITERAL_CONVERSION = YES;
				CLANG_WARN_OBJC_ROOT_CLASS = YES_ERROR;
				CLANG_WARN_QUOTED_INCLUDE_IN_FRAMEWORK_HEADER = YES;
				CLANG_WARN_RANGE_LOOP_ANALYSIS = YES;
				CLANG_WARN_STRICT_PROTOTYPES = YES;
				CLANG_WARN_SUSPICIOUS_MOVE = YES;
				CLANG_WARN_UNGUARDED_AVAILABILITY = YES_AGGRESSIVE;
				CLANG_WARN_UNREACHABLE_CODE = YES;
				CLANG_WARN__DUPLICATE_METHOD_MATCH = YES;
				COPY_PHASE_STRIP = NO;
				DEBUG_INFORMATION_FORMAT = dwarf;
				ENABLE_STRICT_OBJC_MSGSEND = YES;
				ENABLE_TESTABILITY = YES;
				GCC_C_LANGUAGE_STANDARD = gnu11;
				GCC_DYNAMIC_NO_PIC = NO;
				GCC_NO_COMMON_BLOCKS = YES;
				GCC_OPTIMIZATION_LEVEL = 0;
				GCC_PREPROCESSOR_DEFINITIONS = (
					"DEBUG=1",
					"$(inherited)",
				);
				GCC_WARN_64_TO_32_BIT_CONVERSION = YES;
				GCC_WARN_ABOUT_RETURN_TYPE = YES_ERROR;
				GCC_WARN_UNDECLARED_SELECTOR = YES;
				GCC_WARN_UNINITIALIZED_AUTOS = YES_AGGRESSIVE;
				GCC_WARN_UNUSED_FUNCTION = YES;
				GCC_WARN_UNUSED_VARIABLE = YES;
				IPHONEOS_DEPLOYMENT_TARGET = 13.5;
				MTL_ENABLE_DEBUG_INFO = INCLUDE_SOURCE;
				MTL_FAST_MATH = YES;
				ONLY_ACTIVE_ARCH = YES;
				SDKROOT = iphoneos;
				SWIFT_ACTIVE_COMPILATION_CONDITIONS = DEBUG;
				SWIFT_OPTIMIZATION_LEVEL = "-Onone";
			};
			name = Debug;
		};
		550AC78F2475D0BD0022D401 /* Release */ = {
			isa = XCBuildConfiguration;
			buildSettings = {
				ALWAYS_SEARCH_USER_PATHS = NO;
				CLANG_ANALYZER_NONNULL = YES;
				CLANG_ANALYZER_NUMBER_OBJECT_CONVERSION = YES_AGGRESSIVE;
				CLANG_CXX_LANGUAGE_STANDARD = "gnu++14";
				CLANG_CXX_LIBRARY = "libc++";
				CLANG_ENABLE_MODULES = YES;
				CLANG_ENABLE_OBJC_ARC = YES;
				CLANG_ENABLE_OBJC_WEAK = YES;
				CLANG_WARN_BLOCK_CAPTURE_AUTORELEASING = YES;
				CLANG_WARN_BOOL_CONVERSION = YES;
				CLANG_WARN_COMMA = YES;
				CLANG_WARN_CONSTANT_CONVERSION = YES;
				CLANG_WARN_DEPRECATED_OBJC_IMPLEMENTATIONS = YES;
				CLANG_WARN_DIRECT_OBJC_ISA_USAGE = YES_ERROR;
				CLANG_WARN_DOCUMENTATION_COMMENTS = YES;
				CLANG_WARN_EMPTY_BODY = YES;
				CLANG_WARN_ENUM_CONVERSION = YES;
				CLANG_WARN_INFINITE_RECURSION = YES;
				CLANG_WARN_INT_CONVERSION = YES;
				CLANG_WARN_NON_LITERAL_NULL_CONVERSION = YES;
				CLANG_WARN_OBJC_IMPLICIT_RETAIN_SELF = YES;
				CLANG_WARN_OBJC_LITERAL_CONVERSION = YES;
				CLANG_WARN_OBJC_ROOT_CLASS = YES_ERROR;
				CLANG_WARN_QUOTED_INCLUDE_IN_FRAMEWORK_HEADER = YES;
				CLANG_WARN_RANGE_LOOP_ANALYSIS = YES;
				CLANG_WARN_STRICT_PROTOTYPES = YES;
				CLANG_WARN_SUSPICIOUS_MOVE = YES;
				CLANG_WARN_UNGUARDED_AVAILABILITY = YES_AGGRESSIVE;
				CLANG_WARN_UNREACHABLE_CODE = YES;
				CLANG_WARN__DUPLICATE_METHOD_MATCH = YES;
				COPY_PHASE_STRIP = NO;
				DEBUG_INFORMATION_FORMAT = "dwarf-with-dsym";
				ENABLE_NS_ASSERTIONS = NO;
				ENABLE_STRICT_OBJC_MSGSEND = YES;
				GCC_C_LANGUAGE_STANDARD = gnu11;
				GCC_NO_COMMON_BLOCKS = YES;
				GCC_WARN_64_TO_32_BIT_CONVERSION = YES;
				GCC_WARN_ABOUT_RETURN_TYPE = YES_ERROR;
				GCC_WARN_UNDECLARED_SELECTOR = YES;
				GCC_WARN_UNINITIALIZED_AUTOS = YES_AGGRESSIVE;
				GCC_WARN_UNUSED_FUNCTION = YES;
				GCC_WARN_UNUSED_VARIABLE = YES;
				IPHONEOS_DEPLOYMENT_TARGET = 13.5;
				MTL_ENABLE_DEBUG_INFO = NO;
				MTL_FAST_MATH = YES;
				SDKROOT = iphoneos;
				SWIFT_COMPILATION_MODE = wholemodule;
				SWIFT_OPTIMIZATION_LEVEL = "-O";
				VALIDATE_PRODUCT = YES;
			};
			name = Release;
		};
		550AC7912475D0BD0022D401 /* Debug */ = {
			isa = XCBuildConfiguration;
			buildSettings = {
				ASSETCATALOG_COMPILER_APPICON_NAME = AppIcon;
				CODE_SIGN_STYLE = Automatic;
				DEVELOPMENT_ASSET_PATHS = "\"Memorize/Preview Content\"";
				DEVELOPMENT_TEAM = DE8BN3U97V;
				ENABLE_PREVIEWS = YES;
				INFOPLIST_FILE = Memorize/Info.plist;
				LD_RUNPATH_SEARCH_PATHS = (
					"$(inherited)",
					"@executable_path/Frameworks",
				);
				PRODUCT_BUNDLE_IDENTIFIER = com.DavidTroupe.Memorize;
				PRODUCT_NAME = "$(TARGET_NAME)";
				SWIFT_VERSION = 5.0;
				TARGETED_DEVICE_FAMILY = "1,2";
			};
			name = Debug;
		};
		550AC7922475D0BD0022D401 /* Release */ = {
			isa = XCBuildConfiguration;
			buildSettings = {
				ASSETCATALOG_COMPILER_APPICON_NAME = AppIcon;
				CODE_SIGN_STYLE = Automatic;
				DEVELOPMENT_ASSET_PATHS = "\"Memorize/Preview Content\"";
				DEVELOPMENT_TEAM = DE8BN3U97V;
				ENABLE_PREVIEWS = YES;
				INFOPLIST_FILE = Memorize/Info.plist;
				LD_RUNPATH_SEARCH_PATHS = (
					"$(inherited)",
					"@executable_path/Frameworks",
				);
				PRODUCT_BUNDLE_IDENTIFIER = com.DavidTroupe.Memorize;
				PRODUCT_NAME = "$(TARGET_NAME)";
				SWIFT_VERSION = 5.0;
				TARGETED_DEVICE_FAMILY = "1,2";
			};
			name = Release;
		};
/* End XCBuildConfiguration section */

/* Begin XCConfigurationList section */
		550AC7772475D0BC0022D401 /* Build configuration list for PBXProject "Memorize" */ = {
			isa = XCConfigurationList;
			buildConfigurations = (
				550AC78E2475D0BD0022D401 /* Debug */,
				550AC78F2475D0BD0022D401 /* Release */,
			);
			defaultConfigurationIsVisible = 0;
			defaultConfigurationName = Release;
		};
		550AC7902475D0BD0022D401 /* Build configuration list for PBXNativeTarget "Memorize" */ = {
			isa = XCConfigurationList;
			buildConfigurations = (
				550AC7912475D0BD0022D401 /* Debug */,
				550AC7922475D0BD0022D401 /* Release */,
			);
			defaultConfigurationIsVisible = 0;
			defaultConfigurationName = Release;
		};
/* End XCConfigurationList section */
	};
	rootObject = 550AC7742475D0BC0022D401 /* Project object */;
}
